
Microsoft Visual Studio Solution File, Format Version 12.00
# Visual Studio Version 16
VisualStudioVersion = 25.0.1700.0
MinimumVisualStudioVersion = 10.0.40219.1
Project("{FAE04EC0-301F-11D3-BF4B-00C04F79EFBC}") = "Finance", "Finance\Finance.csproj", "{6CDCD624-E16D-49CC-8FC9-496E1F83BF16}"
EndProject
Project("{FAE04EC0-301F-11D3-BF4B-00C04F79EFBC}") = "Finance.Tests", "Tests\Finance.Tests.csproj", "{A0A4165D-031E-436C-AFF2-5F376AA2A5E6}"
EndProject
Global
	GlobalSection(SolutionConfigurationPlatforms) = preSolution
		Debug|Any CPU = Debug|Any CPU
		Release|Any CPU = Release|Any CPU
	EndGlobalSection
	GlobalSection(ProjectConfigurationPlatforms) = postSolution
		{6CDCD624-E16D-49CC-8FC9-496E1F83BF16}.Debug|Any CPU.ActiveCfg = Debug|Any CPU
		{6CDCD624-E16D-49CC-8FC9-496E1F83BF16}.Debug|Any CPU.Build.0 = Debug|Any CPU
		{6CDCD624-E16D-49CC-8FC9-496E1F83BF16}.Release|Any CPU.ActiveCfg = Release|Any CPU
		{6CDCD624-E16D-49CC-8FC9-496E1F83BF16}.Release|Any CPU.Build.0 = Release|Any CPU
		{A0A4165D-031E-436C-AFF2-5F376AA2A5E6}.Debug|Any CPU.ActiveCfg = Debug|Any CPU
		{A0A4165D-031E-436C-AFF2-5F376AA2A5E6}.Debug|Any CPU.Build.0 = Debug|Any CPU
		{A0A4165D-031E-436C-AFF2-5F376AA2A5E6}.Release|Any CPU.ActiveCfg = Release|Any CPU
		{A0A4165D-031E-436C-AFF2-5F376AA2A5E6}.Release|Any CPU.Build.0 = Release|Any CPU
	EndGlobalSection
	GlobalSection(SolutionProperties) = preSolution
		HideSolutionNode = FALSE
	EndGlobalSection
	GlobalSection(ExtensibilityGlobals) = postSolution
		SolutionGuid = {C4C85D6C-81EE-4045-A314-287C198252B4}
	EndGlobalSection
EndGlobal
